
Microsoft Visual Studio Solution File, Format Version 12.00
# Visual Studio Version 17
VisualStudioVersion = 17.2.32602.215
MinimumVisualStudioVersion = 10.0.40219.1
Project("{FAE04EC0-301F-11D3-BF4B-00C04F79EFBC}") = "0th", "0th\0th.csproj", "{9FE2B74C-0CC8-483A-BAF7-0C7ED1B54CEC}"
EndProject
Project("{8BC9CEB8-8B4A-11D0-8D11-00A0C91BC942}") = "Test", "Test\Test.vcxproj", "{1884E2E0-CB65-4873-A916-8BC644487873}"
EndProject
Project("{FAE04EC0-301F-11D3-BF4B-00C04F79EFBC}") = "1st", "1st\1st.csproj", "{2B5D60FA-F413-4C5B-BB19-4613D6F5117B}"
EndProject
Project("{FAE04EC0-301F-11D3-BF4B-00C04F79EFBC}") = "2nd", "2nd\2nd.csproj", "{749405C2-30F6-43DB-A201-908848EAEA19}"
EndProject
Project("{FAE04EC0-301F-11D3-BF4B-00C04F79EFBC}") = "3rd", "3rd\3rd.csproj", "{74ACFF0D-60CF-47B0-8A76-0D98E776F9D6}"
EndProject
Project("{FAE04EC0-301F-11D3-BF4B-00C04F79EFBC}") = "4th", "4th\4th.csproj", "{1EED50DD-7B5B-42D3-A898-A95B51A10D7C}"
EndProject
Project("{FAE04EC0-301F-11D3-BF4B-00C04F79EFBC}") = "5th", "5th\5th.csproj", "{AE65DFD7-1918-4642-91DA-D6B69E49EA49}"
EndProject
Global
	GlobalSection(SolutionConfigurationPlatforms) = preSolution
		Debug|Any CPU = Debug|Any CPU
		Debug|x64 = Debug|x64
		Debug|x86 = Debug|x86
		Release|Any CPU = Release|Any CPU
		Release|x64 = Release|x64
		Release|x86 = Release|x86
	EndGlobalSection
	GlobalSection(ProjectConfigurationPlatforms) = postSolution
		{9FE2B74C-0CC8-483A-BAF7-0C7ED1B54CEC}.Debug|Any CPU.ActiveCfg = Debug|Any CPU
		{9FE2B74C-0CC8-483A-BAF7-0C7ED1B54CEC}.Debug|Any CPU.Build.0 = Debug|Any CPU
		{9FE2B74C-0CC8-483A-BAF7-0C7ED1B54CEC}.Debug|x64.ActiveCfg = Debug|Any CPU
		{9FE2B74C-0CC8-483A-BAF7-0C7ED1B54CEC}.Debug|x64.Build.0 = Debug|Any CPU
		{9FE2B74C-0CC8-483A-BAF7-0C7ED1B54CEC}.Debug|x86.ActiveCfg = Debug|Any CPU
		{9FE2B74C-0CC8-483A-BAF7-0C7ED1B54CEC}.Debug|x86.Build.0 = Debug|Any CPU
		{9FE2B74C-0CC8-483A-BAF7-0C7ED1B54CEC}.Release|Any CPU.ActiveCfg = Release|Any CPU
		{9FE2B74C-0CC8-483A-BAF7-0C7ED1B54CEC}.Release|Any CPU.Build.0 = Release|Any CPU
		{9FE2B74C-0CC8-483A-BAF7-0C7ED1B54CEC}.Release|x64.ActiveCfg = Release|Any CPU
		{9FE2B74C-0CC8-483A-BAF7-0C7ED1B54CEC}.Release|x64.Build.0 = Release|Any CPU
		{9FE2B74C-0CC8-483A-BAF7-0C7ED1B54CEC}.Release|x86.ActiveCfg = Release|Any CPU
		{9FE2B74C-0CC8-483A-BAF7-0C7ED1B54CEC}.Release|x86.Build.0 = Release|Any CPU
		{1884E2E0-CB65-4873-A916-8BC644487873}.Debug|Any CPU.ActiveCfg = Debug|x64
		{1884E2E0-CB65-4873-A916-8BC644487873}.Debug|Any CPU.Build.0 = Debug|x64
		{1884E2E0-CB65-4873-A916-8BC644487873}.Debug|x64.ActiveCfg = Debug|x64
		{1884E2E0-CB65-4873-A916-8BC644487873}.Debug|x64.Build.0 = Debug|x64
		{1884E2E0-CB65-4873-A916-8BC644487873}.Debug|x86.ActiveCfg = Debug|Win32
		{1884E2E0-CB65-4873-A916-8BC644487873}.Debug|x86.Build.0 = Debug|Win32
		{1884E2E0-CB65-4873-A916-8BC644487873}.Release|Any CPU.ActiveCfg = Release|x64
		{1884E2E0-CB65-4873-A916-8BC644487873}.Release|Any CPU.Build.0 = Release|x64
		{1884E2E0-CB65-4873-A916-8BC644487873}.Release|x64.ActiveCfg = Release|x64
		{1884E2E0-CB65-4873-A916-8BC644487873}.Release|x64.Build.0 = Release|x64
		{1884E2E0-CB65-4873-A916-8BC644487873}.Release|x86.ActiveCfg = Release|Win32
		{1884E2E0-CB65-4873-A916-8BC644487873}.Release|x86.Build.0 = Release|Win32
		{2B5D60FA-F413-4C5B-BB19-4613D6F5117B}.Debug|Any CPU.ActiveCfg = Debug|Any CPU
		{2B5D60FA-F413-4C5B-BB19-4613D6F5117B}.Debug|Any CPU.Build.0 = Debug|Any CPU
		{2B5D60FA-F413-4C5B-BB19-4613D6F5117B}.Debug|x64.ActiveCfg = Debug|Any CPU
		{2B5D60FA-F413-4C5B-BB19-4613D6F5117B}.Debug|x64.Build.0 = Debug|Any CPU
		{2B5D60FA-F413-4C5B-BB19-4613D6F5117B}.Debug|x86.ActiveCfg = Debug|Any CPU
		{2B5D60FA-F413-4C5B-BB19-4613D6F5117B}.Debug|x86.Build.0 = Debug|Any CPU
		{2B5D60FA-F413-4C5B-BB19-4613D6F5117B}.Release|Any CPU.ActiveCfg = Release|Any CPU
		{2B5D60FA-F413-4C5B-BB19-4613D6F5117B}.Release|Any CPU.Build.0 = Release|Any CPU
		{2B5D60FA-F413-4C5B-BB19-4613D6F5117B}.Release|x64.ActiveCfg = Release|Any CPU
		{2B5D60FA-F413-4C5B-BB19-4613D6F5117B}.Release|x64.Build.0 = Release|Any CPU
		{2B5D60FA-F413-4C5B-BB19-4613D6F5117B}.Release|x86.ActiveCfg = Release|Any CPU
		{2B5D60FA-F413-4C5B-BB19-4613D6F5117B}.Release|x86.Build.0 = Release|Any CPU
		{749405C2-30F6-43DB-A201-908848EAEA19}.Debug|Any CPU.ActiveCfg = Debug|Any CPU
		{749405C2-30F6-43DB-A201-908848EAEA19}.Debug|Any CPU.Build.0 = Debug|Any CPU
		{749405C2-30F6-43DB-A201-908848EAEA19}.Debug|x64.ActiveCfg = Debug|Any CPU
		{749405C2-30F6-43DB-A201-908848EAEA19}.Debug|x64.Build.0 = Debug|Any CPU
		{749405C2-30F6-43DB-A201-908848EAEA19}.Debug|x86.ActiveCfg = Debug|Any CPU
		{749405C2-30F6-43DB-A201-908848EAEA19}.Debug|x86.Build.0 = Debug|Any CPU
		{749405C2-30F6-43DB-A201-908848EAEA19}.Release|Any CPU.ActiveCfg = Release|Any CPU
		{749405C2-30F6-43DB-A201-908848EAEA19}.Release|Any CPU.Build.0 = Release|Any CPU
		{749405C2-30F6-43DB-A201-908848EAEA19}.Release|x64.ActiveCfg = Release|Any CPU
		{749405C2-30F6-43DB-A201-908848EAEA19}.Release|x64.Build.0 = Release|Any CPU
		{749405C2-30F6-43DB-A201-908848EAEA19}.Release|x86.ActiveCfg = Release|Any CPU
		{749405C2-30F6-43DB-A201-908848EAEA19}.Release|x86.Build.0 = Release|Any CPU
		{74ACFF0D-60CF-47B0-8A76-0D98E776F9D6}.Debug|Any CPU.ActiveCfg = Debug|Any CPU
		{74ACFF0D-60CF-47B0-8A76-0D98E776F9D6}.Debug|Any CPU.Build.0 = Debug|Any CPU
		{74ACFF0D-60CF-47B0-8A76-0D98E776F9D6}.Debug|x64.ActiveCfg = Debug|Any CPU
		{74ACFF0D-60CF-47B0-8A76-0D98E776F9D6}.Debug|x64.Build.0 = Debug|Any CPU
		{74ACFF0D-60CF-47B0-8A76-0D98E776F9D6}.Debug|x86.ActiveCfg = Debug|Any CPU
		{74ACFF0D-60CF-47B0-8A76-0D98E776F9D6}.Debug|x86.Build.0 = Debug|Any CPU
		{74ACFF0D-60CF-47B0-8A76-0D98E776F9D6}.Release|Any CPU.ActiveCfg = Release|Any CPU
		{74ACFF0D-60CF-47B0-8A76-0D98E776F9D6}.Release|Any CPU.Build.0 = Release|Any CPU
		{74ACFF0D-60CF-47B0-8A76-0D98E776F9D6}.Release|x64.ActiveCfg = Release|Any CPU
		{74ACFF0D-60CF-47B0-8A76-0D98E776F9D6}.Release|x64.Build.0 = Release|Any CPU
		{74ACFF0D-60CF-47B0-8A76-0D98E776F9D6}.Release|x86.ActiveCfg = Release|Any CPU
		{74ACFF0D-60CF-47B0-8A76-0D98E776F9D6}.Release|x86.Build.0 = Release|Any CPU
		{1EED50DD-7B5B-42D3-A898-A95B51A10D7C}.Debug|Any CPU.ActiveCfg = Debug|Any CPU
		{1EED50DD-7B5B-42D3-A898-A95B51A10D7C}.Debug|Any CPU.Build.0 = Debug|Any CPU
		{1EED50DD-7B5B-42D3-A898-A95B51A10D7C}.Debug|x64.ActiveCfg = Debug|Any CPU
		{1EED50DD-7B5B-42D3-A898-A95B51A10D7C}.Debug|x64.Build.0 = Debug|Any CPU
		{1EED50DD-7B5B-42D3-A898-A95B51A10D7C}.Debug|x86.ActiveCfg = Debug|Any CPU
		{1EED50DD-7B5B-42D3-A898-A95B51A10D7C}.Debug|x86.Build.0 = Debug|Any CPU
		{1EED50DD-7B5B-42D3-A898-A95B51A10D7C}.Release|Any CPU.ActiveCfg = Release|Any CPU
		{1EED50DD-7B5B-42D3-A898-A95B51A10D7C}.Release|Any CPU.Build.0 = Release|Any CPU
		{1EED50DD-7B5B-42D3-A898-A95B51A10D7C}.Release|x64.ActiveCfg = Release|Any CPU
		{1EED50DD-7B5B-42D3-A898-A95B51A10D7C}.Release|x64.Build.0 = Release|Any CPU
		{1EED50DD-7B5B-42D3-A898-A95B51A10D7C}.Release|x86.ActiveCfg = Release|Any CPU
		{1EED50DD-7B5B-42D3-A898-A95B51A10D7C}.Release|x86.Build.0 = Release|Any CPU
		{AE65DFD7-1918-4642-91DA-D6B69E49EA49}.Debug|Any CPU.ActiveCfg = Debug|Any CPU
		{AE65DFD7-1918-4642-91DA-D6B69E49EA49}.Debug|Any CPU.Build.0 = Debug|Any CPU
		{AE65DFD7-1918-4642-91DA-D6B69E49EA49}.Debug|x64.ActiveCfg = Debug|Any CPU
		{AE65DFD7-1918-4642-91DA-D6B69E49EA49}.Debug|x64.Build.0 = Debug|Any CPU
		{AE65DFD7-1918-4642-91DA-D6B69E49EA49}.Debug|x86.ActiveCfg = Debug|Any CPU
		{AE65DFD7-1918-4642-91DA-D6B69E49EA49}.Debug|x86.Build.0 = Debug|Any CPU
		{AE65DFD7-1918-4642-91DA-D6B69E49EA49}.Release|Any CPU.ActiveCfg = Release|Any CPU
		{AE65DFD7-1918-4642-91DA-D6B69E49EA49}.Release|Any CPU.Build.0 = Release|Any CPU
		{AE65DFD7-1918-4642-91DA-D6B69E49EA49}.Release|x64.ActiveCfg = Release|Any CPU
		{AE65DFD7-1918-4642-91DA-D6B69E49EA49}.Release|x64.Build.0 = Release|Any CPU
		{AE65DFD7-1918-4642-91DA-D6B69E49EA49}.Release|x86.ActiveCfg = Release|Any CPU
		{AE65DFD7-1918-4642-91DA-D6B69E49EA49}.Release|x86.Build.0 = Release|Any CPU
	EndGlobalSection
	GlobalSection(SolutionProperties) = preSolution
		HideSolutionNode = FALSE
	EndGlobalSection
	GlobalSection(ExtensibilityGlobals) = postSolution
		SolutionGuid = {B0C1C1C6-1053-4CC5-8C5A-40E6FB16086D}
	EndGlobalSection
EndGlobal
